
Microsoft Visual Studio Solution File, Format Version 12.00
# Visual Studio Version 17
VisualStudioVersion = 17.5.002.0
MinimumVisualStudioVersion = 10.0.40219.1
Project("{9A19103F-16F7-4668-BE54-9A1E7A4F7556}") = "Tests", "Tests\Tests.csproj", "{E2FCCAE5-55E9-410E-AA63-2C52D14C3986}"
EndProject
Project("{FAE04EC0-301F-11D3-BF4B-00C04F79EFBC}") = "API", "API\API.csproj", "{0D7DA490-7D8E-48EB-8D64-E65CA7636F49}"
EndProject
Project("{FAE04EC0-301F-11D3-BF4B-00C04F79EFBC}") = "Model", "Model\Model.csproj", "{9273998E-401F-446F-B871-75B8ADB0F780}"
EndProject
Global
	GlobalSection(SolutionConfigurationPlatforms) = preSolution
		Debug|Any CPU = Debug|Any CPU
		Release|Any CPU = Release|Any CPU
	EndGlobalSection
	GlobalSection(ProjectConfigurationPlatforms) = postSolution
		{E2FCCAE5-55E9-410E-AA63-2C52D14C3986}.Debug|Any CPU.ActiveCfg = Debug|Any CPU
		{E2FCCAE5-55E9-410E-AA63-2C52D14C3986}.Debug|Any CPU.Build.0 = Debug|Any CPU
		{E2FCCAE5-55E9-410E-AA63-2C52D14C3986}.Release|Any CPU.ActiveCfg = Release|Any CPU
		{E2FCCAE5-55E9-410E-AA63-2C52D14C3986}.Release|Any CPU.Build.0 = Release|Any CPU
		{382180B8-593C-4F7D-B7D0-43985E5DA1D7}.Debug|Any CPU.ActiveCfg = Debug|Any CPU
		{382180B8-593C-4F7D-B7D0-43985E5DA1D7}.Debug|Any CPU.Build.0 = Debug|Any CPU
		{382180B8-593C-4F7D-B7D0-43985E5DA1D7}.Release|Any CPU.ActiveCfg = Release|Any CPU
		{382180B8-593C-4F7D-B7D0-43985E5DA1D7}.Release|Any CPU.Build.0 = Release|Any CPU
		{0D7DA490-7D8E-48EB-8D64-E65CA7636F49}.Debug|Any CPU.ActiveCfg = Debug|Any CPU
		{0D7DA490-7D8E-48EB-8D64-E65CA7636F49}.Debug|Any CPU.Build.0 = Debug|Any CPU
		{0D7DA490-7D8E-48EB-8D64-E65CA7636F49}.Release|Any CPU.ActiveCfg = Release|Any CPU
		{0D7DA490-7D8E-48EB-8D64-E65CA7636F49}.Release|Any CPU.Build.0 = Release|Any CPU
		{9273998E-401F-446F-B871-75B8ADB0F780}.Debug|Any CPU.ActiveCfg = Debug|Any CPU
		{9273998E-401F-446F-B871-75B8ADB0F780}.Debug|Any CPU.Build.0 = Debug|Any CPU
		{9273998E-401F-446F-B871-75B8ADB0F780}.Release|Any CPU.ActiveCfg = Release|Any CPU
		{9273998E-401F-446F-B871-75B8ADB0F780}.Release|Any CPU.Build.0 = Release|Any CPU
	EndGlobalSection
	GlobalSection(SolutionProperties) = preSolution
		HideSolutionNode = FALSE
	EndGlobalSection
	GlobalSection(ExtensibilityGlobals) = postSolution
		SolutionGuid = {5F43E8AE-BC5E-494F-9B30-007C84B52A52}
	EndGlobalSection
EndGlobal
